
Microsoft Visual Studio Solution File, Format Version 12.00
# Visual Studio 15
VisualStudioVersion = 15.0.28307.489
MinimumVisualStudioVersion = 10.0.40219.1
Project("{9A19103F-16F7-4668-BE54-9A1E7A4F7556}") = "CSharpStudy", "CSharpStudy\CSharpStudy.csproj", "{B03FDCE4-8E5B-45E4-9C92-593ADE8532E0}"
EndProject
Project("{9A19103F-16F7-4668-BE54-9A1E7A4F7556}") = "Web01", "Web01\Web01.csproj", "{BD87E28E-1C18-4684-B105-1D5227FA1A4A}"
EndProject
Project("{FAE04EC0-301F-11D3-BF4B-00C04F79EFBC}") = "frameworkLearn", "frameworkLearn\frameworkLearn.csproj", "{90709AAF-DCAB-4132-A44B-196637AAFB11}"
EndProject
Project("{2150E333-8FDC-42A3-9474-1A3956D46DE8}") = "ASPNET", "ASPNET", "{C935FBF0-3997-43C7-ACBD-272141B14700}"
EndProject
Project("{FAE04EC0-301F-11D3-BF4B-00C04F79EFBC}") = "SRV", "SRV\SRV.csproj", "{45FB99C4-347C-450D-BE05-5561B9EB1B41}"
EndProject
Project("{FAE04EC0-301F-11D3-BF4B-00C04F79EFBC}") = "BLL", "BLL\BLL.csproj", "{8549EC80-3212-44AC-BE50-F72ED3F67C70}"
EndProject
Project("{FAE04EC0-301F-11D3-BF4B-00C04F79EFBC}") = "DAL", "DAL\DAL.csproj", "{80BC01B6-6B6C-4A21-9FA1-B8C0CA6FEE2D}"
EndProject
Global
	GlobalSection(SolutionConfigurationPlatforms) = preSolution
		Debug|Any CPU = Debug|Any CPU
		Release|Any CPU = Release|Any CPU
	EndGlobalSection
	GlobalSection(ProjectConfigurationPlatforms) = postSolution
		{B03FDCE4-8E5B-45E4-9C92-593ADE8532E0}.Debug|Any CPU.ActiveCfg = Debug|Any CPU
		{B03FDCE4-8E5B-45E4-9C92-593ADE8532E0}.Debug|Any CPU.Build.0 = Debug|Any CPU
		{B03FDCE4-8E5B-45E4-9C92-593ADE8532E0}.Release|Any CPU.ActiveCfg = Release|Any CPU
		{B03FDCE4-8E5B-45E4-9C92-593ADE8532E0}.Release|Any CPU.Build.0 = Release|Any CPU
		{BD87E28E-1C18-4684-B105-1D5227FA1A4A}.Debug|Any CPU.ActiveCfg = Debug|Any CPU
		{BD87E28E-1C18-4684-B105-1D5227FA1A4A}.Debug|Any CPU.Build.0 = Debug|Any CPU
		{BD87E28E-1C18-4684-B105-1D5227FA1A4A}.Release|Any CPU.ActiveCfg = Release|Any CPU
		{BD87E28E-1C18-4684-B105-1D5227FA1A4A}.Release|Any CPU.Build.0 = Release|Any CPU
		{90709AAF-DCAB-4132-A44B-196637AAFB11}.Debug|Any CPU.ActiveCfg = Debug|Any CPU
		{90709AAF-DCAB-4132-A44B-196637AAFB11}.Debug|Any CPU.Build.0 = Debug|Any CPU
		{90709AAF-DCAB-4132-A44B-196637AAFB11}.Release|Any CPU.ActiveCfg = Release|Any CPU
		{90709AAF-DCAB-4132-A44B-196637AAFB11}.Release|Any CPU.Build.0 = Release|Any CPU
		{45FB99C4-347C-450D-BE05-5561B9EB1B41}.Debug|Any CPU.ActiveCfg = Debug|Any CPU
		{45FB99C4-347C-450D-BE05-5561B9EB1B41}.Debug|Any CPU.Build.0 = Debug|Any CPU
		{45FB99C4-347C-450D-BE05-5561B9EB1B41}.Release|Any CPU.ActiveCfg = Release|Any CPU
		{45FB99C4-347C-450D-BE05-5561B9EB1B41}.Release|Any CPU.Build.0 = Release|Any CPU
		{8549EC80-3212-44AC-BE50-F72ED3F67C70}.Debug|Any CPU.ActiveCfg = Debug|Any CPU
		{8549EC80-3212-44AC-BE50-F72ED3F67C70}.Debug|Any CPU.Build.0 = Debug|Any CPU
		{8549EC80-3212-44AC-BE50-F72ED3F67C70}.Release|Any CPU.ActiveCfg = Release|Any CPU
		{8549EC80-3212-44AC-BE50-F72ED3F67C70}.Release|Any CPU.Build.0 = Release|Any CPU
		{80BC01B6-6B6C-4A21-9FA1-B8C0CA6FEE2D}.Debug|Any CPU.ActiveCfg = Debug|Any CPU
		{80BC01B6-6B6C-4A21-9FA1-B8C0CA6FEE2D}.Debug|Any CPU.Build.0 = Debug|Any CPU
		{80BC01B6-6B6C-4A21-9FA1-B8C0CA6FEE2D}.Release|Any CPU.ActiveCfg = Release|Any CPU
		{80BC01B6-6B6C-4A21-9FA1-B8C0CA6FEE2D}.Release|Any CPU.Build.0 = Release|Any CPU
	EndGlobalSection
	GlobalSection(SolutionProperties) = preSolution
		HideSolutionNode = FALSE
	EndGlobalSection
	GlobalSection(NestedProjects) = preSolution
		{BD87E28E-1C18-4684-B105-1D5227FA1A4A} = {C935FBF0-3997-43C7-ACBD-272141B14700}
		{45FB99C4-347C-450D-BE05-5561B9EB1B41} = {C935FBF0-3997-43C7-ACBD-272141B14700}
		{8549EC80-3212-44AC-BE50-F72ED3F67C70} = {C935FBF0-3997-43C7-ACBD-272141B14700}
		{80BC01B6-6B6C-4A21-9FA1-B8C0CA6FEE2D} = {C935FBF0-3997-43C7-ACBD-272141B14700}
	EndGlobalSection
	GlobalSection(ExtensibilityGlobals) = postSolution
		SolutionGuid = {E9AE93C9-4289-47BC-A402-B43889EB6024}
	EndGlobalSection
EndGlobal
