
Microsoft Visual Studio Solution File, Format Version 12.00
# Visual Studio 15
VisualStudioVersion = 15.0.28307.489
MinimumVisualStudioVersion = 10.0.40219.1
Project("{9A19103F-16F7-4668-BE54-9A1E7A4F7556}") = "CSharpStudy", "CSharpStudy\CSharpStudy.csproj", "{B03FDCE4-8E5B-45E4-9C92-593ADE8532E0}"
EndProject
Project("{9A19103F-16F7-4668-BE54-9A1E7A4F7556}") = "Web01", "Web01\Web01.csproj", "{BD87E28E-1C18-4684-B105-1D5227FA1A4A}"
EndProject
Global
	GlobalSection(SolutionConfigurationPlatforms) = preSolution
		Debug|Any CPU = Debug|Any CPU
		Release|Any CPU = Release|Any CPU
	EndGlobalSection
	GlobalSection(ProjectConfigurationPlatforms) = postSolution
		{B03FDCE4-8E5B-45E4-9C92-593ADE8532E0}.Debug|Any CPU.ActiveCfg = Debug|Any CPU
		{B03FDCE4-8E5B-45E4-9C92-593ADE8532E0}.Debug|Any CPU.Build.0 = Debug|Any CPU
		{B03FDCE4-8E5B-45E4-9C92-593ADE8532E0}.Release|Any CPU.ActiveCfg = Release|Any CPU
		{B03FDCE4-8E5B-45E4-9C92-593ADE8532E0}.Release|Any CPU.Build.0 = Release|Any CPU
		{BD87E28E-1C18-4684-B105-1D5227FA1A4A}.Debug|Any CPU.ActiveCfg = Debug|Any CPU
		{BD87E28E-1C18-4684-B105-1D5227FA1A4A}.Debug|Any CPU.Build.0 = Debug|Any CPU
		{BD87E28E-1C18-4684-B105-1D5227FA1A4A}.Release|Any CPU.ActiveCfg = Release|Any CPU
		{BD87E28E-1C18-4684-B105-1D5227FA1A4A}.Release|Any CPU.Build.0 = Release|Any CPU
	EndGlobalSection
	GlobalSection(SolutionProperties) = preSolution
		HideSolutionNode = FALSE
	EndGlobalSection
	GlobalSection(ExtensibilityGlobals) = postSolution
		SolutionGuid = {E9AE93C9-4289-47BC-A402-B43889EB6024}
	EndGlobalSection
EndGlobal
