
Microsoft Visual Studio Solution File, Format Version 12.00
# Visual Studio 15
VisualStudioVersion = 15.0.28307.489
MinimumVisualStudioVersion = 10.0.40219.1
Project("{9A19103F-16F7-4668-BE54-9A1E7A4F7556}") = "CSharpStudy", "CSharpStudy\CSharpStudy.csproj", "{B03FDCE4-8E5B-45E4-9C92-593ADE8532E0}"
EndProject
Project("{9A19103F-16F7-4668-BE54-9A1E7A4F7556}") = "Web01", "Web01\Web01.csproj", "{BD87E28E-1C18-4684-B105-1D5227FA1A4A}"
EndProject
Project("{FAE04EC0-301F-11D3-BF4B-00C04F79EFBC}") = "frameworkLearn", "frameworkLearn\frameworkLearn.csproj", "{90709AAF-DCAB-4132-A44B-196637AAFB11}"
EndProject
Project("{2150E333-8FDC-42A3-9474-1A3956D46DE8}") = "ASPNET", "ASPNET", "{C935FBF0-3997-43C7-ACBD-272141B14700}"
EndProject
Project("{9A19103F-16F7-4668-BE54-9A1E7A4F7556}") = "BLL", "BLL\BLL.csproj", "{8549EC80-3212-44AC-BE50-F72ED3F67C70}"
EndProject
Project("{9A19103F-16F7-4668-BE54-9A1E7A4F7556}") = "SRV", "SRV\SRV.csproj", "{CDEE424B-8F8F-47ED-B812-CEDA529ABA42}"
EndProject
Project("{9A19103F-16F7-4668-BE54-9A1E7A4F7556}") = "DAL", "ClassLibrary1\DAL.csproj", "{294A350E-72D3-44D5-9108-9F07EF6C6C80}"
EndProject
Project("{9A19103F-16F7-4668-BE54-9A1E7A4F7556}") = "Factory", "Factory\Factory.csproj", "{02ADEAEA-F1DD-457E-BDD3-E3271DE380D1}"
EndProject
Project("{2150E333-8FDC-42A3-9474-1A3956D46DE8}") = "MVCDemo", "MVCDemo", "{31F04F28-886E-48ED-9D1F-E7718A96D00E}"
EndProject
Project("{FAE04EC0-301F-11D3-BF4B-00C04F79EFBC}") = "UI", "UI\UI.csproj", "{3B71ACC5-6294-40F5-81A8-08AAA7193FC5}"
EndProject
Global
	GlobalSection(SolutionConfigurationPlatforms) = preSolution
		Debug|Any CPU = Debug|Any CPU
		Release|Any CPU = Release|Any CPU
	EndGlobalSection
	GlobalSection(ProjectConfigurationPlatforms) = postSolution
		{B03FDCE4-8E5B-45E4-9C92-593ADE8532E0}.Debug|Any CPU.ActiveCfg = Debug|Any CPU
		{B03FDCE4-8E5B-45E4-9C92-593ADE8532E0}.Debug|Any CPU.Build.0 = Debug|Any CPU
		{B03FDCE4-8E5B-45E4-9C92-593ADE8532E0}.Release|Any CPU.ActiveCfg = Release|Any CPU
		{B03FDCE4-8E5B-45E4-9C92-593ADE8532E0}.Release|Any CPU.Build.0 = Release|Any CPU
		{BD87E28E-1C18-4684-B105-1D5227FA1A4A}.Debug|Any CPU.ActiveCfg = Debug|Any CPU
		{BD87E28E-1C18-4684-B105-1D5227FA1A4A}.Debug|Any CPU.Build.0 = Debug|Any CPU
		{BD87E28E-1C18-4684-B105-1D5227FA1A4A}.Release|Any CPU.ActiveCfg = Release|Any CPU
		{BD87E28E-1C18-4684-B105-1D5227FA1A4A}.Release|Any CPU.Build.0 = Release|Any CPU
		{90709AAF-DCAB-4132-A44B-196637AAFB11}.Debug|Any CPU.ActiveCfg = Debug|Any CPU
		{90709AAF-DCAB-4132-A44B-196637AAFB11}.Debug|Any CPU.Build.0 = Debug|Any CPU
		{90709AAF-DCAB-4132-A44B-196637AAFB11}.Release|Any CPU.ActiveCfg = Release|Any CPU
		{90709AAF-DCAB-4132-A44B-196637AAFB11}.Release|Any CPU.Build.0 = Release|Any CPU
		{8549EC80-3212-44AC-BE50-F72ED3F67C70}.Debug|Any CPU.ActiveCfg = Debug|Any CPU
		{8549EC80-3212-44AC-BE50-F72ED3F67C70}.Debug|Any CPU.Build.0 = Debug|Any CPU
		{8549EC80-3212-44AC-BE50-F72ED3F67C70}.Release|Any CPU.ActiveCfg = Release|Any CPU
		{8549EC80-3212-44AC-BE50-F72ED3F67C70}.Release|Any CPU.Build.0 = Release|Any CPU
		{CDEE424B-8F8F-47ED-B812-CEDA529ABA42}.Debug|Any CPU.ActiveCfg = Debug|Any CPU
		{CDEE424B-8F8F-47ED-B812-CEDA529ABA42}.Debug|Any CPU.Build.0 = Debug|Any CPU
		{CDEE424B-8F8F-47ED-B812-CEDA529ABA42}.Release|Any CPU.ActiveCfg = Release|Any CPU
		{CDEE424B-8F8F-47ED-B812-CEDA529ABA42}.Release|Any CPU.Build.0 = Release|Any CPU
		{294A350E-72D3-44D5-9108-9F07EF6C6C80}.Debug|Any CPU.ActiveCfg = Debug|Any CPU
		{294A350E-72D3-44D5-9108-9F07EF6C6C80}.Debug|Any CPU.Build.0 = Debug|Any CPU
		{294A350E-72D3-44D5-9108-9F07EF6C6C80}.Release|Any CPU.ActiveCfg = Release|Any CPU
		{294A350E-72D3-44D5-9108-9F07EF6C6C80}.Release|Any CPU.Build.0 = Release|Any CPU
		{02ADEAEA-F1DD-457E-BDD3-E3271DE380D1}.Debug|Any CPU.ActiveCfg = Debug|Any CPU
		{02ADEAEA-F1DD-457E-BDD3-E3271DE380D1}.Debug|Any CPU.Build.0 = Debug|Any CPU
		{02ADEAEA-F1DD-457E-BDD3-E3271DE380D1}.Release|Any CPU.ActiveCfg = Release|Any CPU
		{02ADEAEA-F1DD-457E-BDD3-E3271DE380D1}.Release|Any CPU.Build.0 = Release|Any CPU
		{3B71ACC5-6294-40F5-81A8-08AAA7193FC5}.Debug|Any CPU.ActiveCfg = Debug|Any CPU
		{3B71ACC5-6294-40F5-81A8-08AAA7193FC5}.Debug|Any CPU.Build.0 = Debug|Any CPU
		{3B71ACC5-6294-40F5-81A8-08AAA7193FC5}.Release|Any CPU.ActiveCfg = Release|Any CPU
		{3B71ACC5-6294-40F5-81A8-08AAA7193FC5}.Release|Any CPU.Build.0 = Release|Any CPU
	EndGlobalSection
	GlobalSection(SolutionProperties) = preSolution
		HideSolutionNode = FALSE
	EndGlobalSection
	GlobalSection(NestedProjects) = preSolution
		{BD87E28E-1C18-4684-B105-1D5227FA1A4A} = {C935FBF0-3997-43C7-ACBD-272141B14700}
		{8549EC80-3212-44AC-BE50-F72ED3F67C70} = {C935FBF0-3997-43C7-ACBD-272141B14700}
		{CDEE424B-8F8F-47ED-B812-CEDA529ABA42} = {C935FBF0-3997-43C7-ACBD-272141B14700}
		{294A350E-72D3-44D5-9108-9F07EF6C6C80} = {C935FBF0-3997-43C7-ACBD-272141B14700}
		{02ADEAEA-F1DD-457E-BDD3-E3271DE380D1} = {C935FBF0-3997-43C7-ACBD-272141B14700}
		{3B71ACC5-6294-40F5-81A8-08AAA7193FC5} = {31F04F28-886E-48ED-9D1F-E7718A96D00E}
	EndGlobalSection
	GlobalSection(ExtensibilityGlobals) = postSolution
		SolutionGuid = {E9AE93C9-4289-47BC-A402-B43889EB6024}
	EndGlobalSection
EndGlobal
